PODS:
  - Alamofire (5.6.1)
  - FacilCustomApp (0.0.3):
    - Alamofire (~> 5.4)
    - SDWebImage (~> 5.0)
  - SDWebImage (5.13.0):
    - SDWebImage/Core (= 5.13.0)
  - SDWebImage/Core (5.13.0)

DEPENDENCIES:
  - Alamofire (~> 5.4)
  - FacilCustomApp (from `../`)
  - SDWebImage (~> 5.0)

SPEC REPOS:
  trunk:
    - Alamofire
    - SDWebImage

EXTERNAL SOURCES:
  FacilCustomApp:
    :path: "../"

SPEC CHECKSUMS:
  Alamofire: 87bd8c952f9a4454320fce00d9cc3de57bcadaf5
  FacilCustomApp: 5d62f46a4d8bc72270f19eed00c38c65d86ea42e
  SDWebImage: 0327043dbb9533e75f2eff8445b3df0f2ceca6ac

PODFILE CHECKSUM: 54f3a7fb1db79dff30acf08248c8d3779a1e9513

COCOAPODS: 1.11.3
